
Microsoft Visual Studio Solution File, Format Version 12.00
# Visual Studio Version 16
VisualStudioVersion = 16.0.31019.35
MinimumVisualStudioVersion = 10.0.40219.1
Project("{8BC9CEB8-8B4A-11D0-8D11-00A0C91BC942}") = "HelloDLL", "HelloDLL.vcxproj", "{CD036FEF-03DA-44F1-9A3B-ADC6E1600F2E}"
EndProject
Global
	GlobalSection(SolutionConfigurationPlatforms) = preSolution
		Debug|x64 = Debug|x64
		Release|x64 = Release|x64
	EndGlobalSection
	GlobalSection(ProjectConfigurationPlatforms) = postSolution
		{CD036FEF-03DA-44F1-9A3B-ADC6E1600F2E}.Debug|x64.ActiveCfg = Debug|x64
		{CD036FEF-03DA-44F1-9A3B-ADC6E1600F2E}.Debug|x64.Build.0 = Debug|x64
		{CD036FEF-03DA-44F1-9A3B-ADC6E1600F2E}.Release|x64.ActiveCfg = Release|x64
		{CD036FEF-03DA-44F1-9A3B-ADC6E1600F2E}.Release|x64.Build.0 = Release|x64
	EndGlobalSection
	GlobalSection(SolutionProperties) = preSolution
		HideSolutionNode = FALSE
	EndGlobalSection
	GlobalSection(ExtensibilityGlobals) = postSolution
		SolutionGuid = {3C25CA2D-66DE-4807-BFA0-6673E6426DA8}
	EndGlobalSection
EndGlobal
